
Microsoft Visual Studio Solution File, Format Version 12.00
# Visual Studio Version 16
VisualStudioVersion = 16.0.30406.217
MinimumVisualStudioVersion = 10.0.40219.1
Project("{FAE04EC0-301F-11D3-BF4B-00C04F79EFBC}") = "XF_Mvvm_Exercicio1.UWP", "XF_Mvvm_Exercicio1\XF_Mvvm_Exercicio1.UWP\XF_Mvvm_Exercicio1.UWP.csproj", "{02ACC1E1-18C1-4DC4-BF15-50D69BC84612}"
EndProject
Project("{FAE04EC0-301F-11D3-BF4B-00C04F79EFBC}") = "XF_Mvvm_Exercicio1.Android", "XF_Mvvm_Exercicio1\XF_Mvvm_Exercicio1.Android\XF_Mvvm_Exercicio1.Android.csproj", "{ED80F90A-DFE6-4DB7-BFA3-32D3A04F34EA}"
EndProject
Project("{FAE04EC0-301F-11D3-BF4B-00C04F79EFBC}") = "XF_Mvvm_Exercicio1.iOS", "XF_Mvvm_Exercicio1\XF_Mvvm_Exercicio1.iOS\XF_Mvvm_Exercicio1.iOS.csproj", "{121873E6-4E2D-4068-BB01-75255F8E5891}"
EndProject
Project("{FAE04EC0-301F-11D3-BF4B-00C04F79EFBC}") = "XF_Mvvm_Exercicio1", "XF_Mvvm_Exercicio1\XF_Mvvm_Exercicio1\XF_Mvvm_Exercicio1.csproj", "{1E6DF227-B456-4343-8F12-FE323F1690CD}"
EndProject
Global
	GlobalSection(SolutionConfigurationPlatforms) = preSolution
		Debug|Any CPU = Debug|Any CPU
		Debug|ARM = Debug|ARM
		Debug|iPhone = Debug|iPhone
		Debug|iPhoneSimulator = Debug|iPhoneSimulator
		Debug|x64 = Debug|x64
		Debug|x86 = Debug|x86
		Release|Any CPU = Release|Any CPU
		Release|ARM = Release|ARM
		Release|iPhone = Release|iPhone
		Release|iPhoneSimulator = Release|iPhoneSimulator
		Release|x64 = Release|x64
		Release|x86 = Release|x86
	EndGlobalSection
	GlobalSection(ProjectConfigurationPlatforms) = postSolution
		{02ACC1E1-18C1-4DC4-BF15-50D69BC84612}.Debug|Any CPU.ActiveCfg = Debug|x86
		{02ACC1E1-18C1-4DC4-BF15-50D69BC84612}.Debug|Any CPU.Build.0 = Debug|x86
		{02ACC1E1-18C1-4DC4-BF15-50D69BC84612}.Debug|Any CPU.Deploy.0 = Debug|x86
		{02ACC1E1-18C1-4DC4-BF15-50D69BC84612}.Debug|ARM.ActiveCfg = Debug|ARM
		{02ACC1E1-18C1-4DC4-BF15-50D69BC84612}.Debug|ARM.Build.0 = Debug|ARM
		{02ACC1E1-18C1-4DC4-BF15-50D69BC84612}.Debug|ARM.Deploy.0 = Debug|ARM
		{02ACC1E1-18C1-4DC4-BF15-50D69BC84612}.Debug|iPhone.ActiveCfg = Debug|x86
		{02ACC1E1-18C1-4DC4-BF15-50D69BC84612}.Debug|iPhone.Build.0 = Debug|x86
		{02ACC1E1-18C1-4DC4-BF15-50D69BC84612}.Debug|iPhone.Deploy.0 = Debug|x86
		{02ACC1E1-18C1-4DC4-BF15-50D69BC84612}.Debug|iPhoneSimulator.ActiveCfg = Debug|x86
		{02ACC1E1-18C1-4DC4-BF15-50D69BC84612}.Debug|iPhoneSimulator.Build.0 = Debug|x86
		{02ACC1E1-18C1-4DC4-BF15-50D69BC84612}.Debug|iPhoneSimulator.Deploy.0 = Debug|x86
		{02ACC1E1-18C1-4DC4-BF15-50D69BC84612}.Debug|x64.ActiveCfg = Debug|x64
		{02ACC1E1-18C1-4DC4-BF15-50D69BC84612}.Debug|x64.Build.0 = Debug|x64
		{02ACC1E1-18C1-4DC4-BF15-50D69BC84612}.Debug|x64.Deploy.0 = Debug|x64
		{02ACC1E1-18C1-4DC4-BF15-50D69BC84612}.Debug|x86.ActiveCfg = Debug|x86
		{02ACC1E1-18C1-4DC4-BF15-50D69BC84612}.Debug|x86.Build.0 = Debug|x86
		{02ACC1E1-18C1-4DC4-BF15-50D69BC84612}.Debug|x86.Deploy.0 = Debug|x86
		{02ACC1E1-18C1-4DC4-BF15-50D69BC84612}.Release|Any CPU.ActiveCfg = Release|x86
		{02ACC1E1-18C1-4DC4-BF15-50D69BC84612}.Release|Any CPU.Build.0 = Release|x86
		{02ACC1E1-18C1-4DC4-BF15-50D69BC84612}.Release|Any CPU.Deploy.0 = Release|x86
		{02ACC1E1-18C1-4DC4-BF15-50D69BC84612}.Release|ARM.ActiveCfg = Release|ARM
		{02ACC1E1-18C1-4DC4-BF15-50D69BC84612}.Release|ARM.Build.0 = Release|ARM
		{02ACC1E1-18C1-4DC4-BF15-50D69BC84612}.Release|ARM.Deploy.0 = Release|ARM
		{02ACC1E1-18C1-4DC4-BF15-50D69BC84612}.Release|iPhone.ActiveCfg = Release|x86
		{02ACC1E1-18C1-4DC4-BF15-50D69BC84612}.Release|iPhone.Build.0 = Release|x86
		{02ACC1E1-18C1-4DC4-BF15-50D69BC84612}.Release|iPhone.Deploy.0 = Release|x86
		{02ACC1E1-18C1-4DC4-BF15-50D69BC84612}.Release|iPhoneSimulator.ActiveCfg = Release|x86
		{02ACC1E1-18C1-4DC4-BF15-50D69BC84612}.Release|iPhoneSimulator.Build.0 = Release|x86
		{02ACC1E1-18C1-4DC4-BF15-50D69BC84612}.Release|iPhoneSimulator.Deploy.0 = Release|x86
		{02ACC1E1-18C1-4DC4-BF15-50D69BC84612}.Release|x64.ActiveCfg = Release|x64
		{02ACC1E1-18C1-4DC4-BF15-50D69BC84612}.Release|x64.Build.0 = Release|x64
		{02ACC1E1-18C1-4DC4-BF15-50D69BC84612}.Release|x64.Deploy.0 = Release|x64
		{02ACC1E1-18C1-4DC4-BF15-50D69BC84612}.Release|x86.ActiveCfg = Release|x86
		{02ACC1E1-18C1-4DC4-BF15-50D69BC84612}.Release|x86.Build.0 = Release|x86
		{02ACC1E1-18C1-4DC4-BF15-50D69BC84612}.Release|x86.Deploy.0 = Release|x86
		{ED80F90A-DFE6-4DB7-BFA3-32D3A04F34EA}.Debug|Any CPU.ActiveCfg = Debug|Any CPU
		{ED80F90A-DFE6-4DB7-BFA3-32D3A04F34EA}.Debug|Any CPU.Build.0 = Debug|Any CPU
		{ED80F90A-DFE6-4DB7-BFA3-32D3A04F34EA}.Debug|Any CPU.Deploy.0 = Debug|Any CPU
		{ED80F90A-DFE6-4DB7-BFA3-32D3A04F34EA}.Debug|ARM.ActiveCfg = Debug|Any CPU
		{ED80F90A-DFE6-4DB7-BFA3-32D3A04F34EA}.Debug|ARM.Build.0 = Debug|Any CPU
		{ED80F90A-DFE6-4DB7-BFA3-32D3A04F34EA}.Debug|ARM.Deploy.0 = Debug|Any CPU
		{ED80F90A-DFE6-4DB7-BFA3-32D3A04F34EA}.Debug|iPhone.ActiveCfg = Debug|Any CPU
		{ED80F90A-DFE6-4DB7-BFA3-32D3A04F34EA}.Debug|iPhone.Build.0 = Debug|Any CPU
		{ED80F90A-DFE6-4DB7-BFA3-32D3A04F34EA}.Debug|iPhone.Deploy.0 = Debug|Any CPU
		{ED80F90A-DFE6-4DB7-BFA3-32D3A04F34EA}.Debug|iPhoneSimulator.ActiveCfg = Debug|Any CPU
		{ED80F90A-DFE6-4DB7-BFA3-32D3A04F34EA}.Debug|iPhoneSimulator.Build.0 = Debug|Any CPU
		{ED80F90A-DFE6-4DB7-BFA3-32D3A04F34EA}.Debug|iPhoneSimulator.Deploy.0 = Debug|Any CPU
		{ED80F90A-DFE6-4DB7-BFA3-32D3A04F34EA}.Debug|x64.ActiveCfg = Debug|Any CPU
		{ED80F90A-DFE6-4DB7-BFA3-32D3A04F34EA}.Debug|x64.Build.0 = Debug|Any CPU
		{ED80F90A-DFE6-4DB7-BFA3-32D3A04F34EA}.Debug|x64.Deploy.0 = Debug|Any CPU
		{ED80F90A-DFE6-4DB7-BFA3-32D3A04F34EA}.Debug|x86.ActiveCfg = Debug|Any CPU
		{ED80F90A-DFE6-4DB7-BFA3-32D3A04F34EA}.Debug|x86.Build.0 = Debug|Any CPU
		{ED80F90A-DFE6-4DB7-BFA3-32D3A04F34EA}.Debug|x86.Deploy.0 = Debug|Any CPU
		{ED80F90A-DFE6-4DB7-BFA3-32D3A04F34EA}.Release|Any CPU.ActiveCfg = Release|Any CPU
		{ED80F90A-DFE6-4DB7-BFA3-32D3A04F34EA}.Release|Any CPU.Build.0 = Release|Any CPU
		{ED80F90A-DFE6-4DB7-BFA3-32D3A04F34EA}.Release|Any CPU.Deploy.0 = Release|Any CPU
		{ED80F90A-DFE6-4DB7-BFA3-32D3A04F34EA}.Release|ARM.ActiveCfg = Release|Any CPU
		{ED80F90A-DFE6-4DB7-BFA3-32D3A04F34EA}.Release|ARM.Build.0 = Release|Any CPU
		{ED80F90A-DFE6-4DB7-BFA3-32D3A04F34EA}.Release|ARM.Deploy.0 = Release|Any CPU
		{ED80F90A-DFE6-4DB7-BFA3-32D3A04F34EA}.Release|iPhone.ActiveCfg = Release|Any CPU
		{ED80F90A-DFE6-4DB7-BFA3-32D3A04F34EA}.Release|iPhone.Build.0 = Release|Any CPU
		{ED80F90A-DFE6-4DB7-BFA3-32D3A04F34EA}.Release|iPhone.Deploy.0 = Release|Any CPU
		{ED80F90A-DFE6-4DB7-BFA3-32D3A04F34EA}.Release|iPhoneSimulator.ActiveCfg = Release|Any CPU
		{ED80F90A-DFE6-4DB7-BFA3-32D3A04F34EA}.Release|iPhoneSimulator.Build.0 = Release|Any CPU
		{ED80F90A-DFE6-4DB7-BFA3-32D3A04F34EA}.Release|iPhoneSimulator.Deploy.0 = Release|Any CPU
		{ED80F90A-DFE6-4DB7-BFA3-32D3A04F34EA}.Release|x64.ActiveCfg = Release|Any CPU
		{ED80F90A-DFE6-4DB7-BFA3-32D3A04F34EA}.Release|x64.Build.0 = Release|Any CPU
		{ED80F90A-DFE6-4DB7-BFA3-32D3A04F34EA}.Release|x64.Deploy.0 = Release|Any CPU
		{ED80F90A-DFE6-4DB7-BFA3-32D3A04F34EA}.Release|x86.ActiveCfg = Release|Any CPU
		{ED80F90A-DFE6-4DB7-BFA3-32D3A04F34EA}.Release|x86.Build.0 = Release|Any CPU
		{ED80F90A-DFE6-4DB7-BFA3-32D3A04F34EA}.Release|x86.Deploy.0 = Release|Any CPU
		{121873E6-4E2D-4068-BB01-75255F8E5891}.Debug|Any CPU.ActiveCfg = Debug|iPhone
		{121873E6-4E2D-4068-BB01-75255F8E5891}.Debug|Any CPU.Build.0 = Debug|iPhone
		{121873E6-4E2D-4068-BB01-75255F8E5891}.Debug|Any CPU.Deploy.0 = Debug|iPhone
		{121873E6-4E2D-4068-BB01-75255F8E5891}.Debug|ARM.ActiveCfg = Debug|iPhone
		{121873E6-4E2D-4068-BB01-75255F8E5891}.Debug|ARM.Build.0 = Debug|iPhone
		{121873E6-4E2D-4068-BB01-75255F8E5891}.Debug|ARM.Deploy.0 = Debug|iPhone
		{121873E6-4E2D-4068-BB01-75255F8E5891}.Debug|iPhone.ActiveCfg = Debug|iPhone
		{121873E6-4E2D-4068-BB01-75255F8E5891}.Debug|iPhone.Build.0 = Debug|iPhone
		{121873E6-4E2D-4068-BB01-75255F8E5891}.Debug|iPhone.Deploy.0 = Debug|iPhone
		{121873E6-4E2D-4068-BB01-75255F8E5891}.Debug|iPhoneSimulator.ActiveCfg = Debug|iPhoneSimulator
		{121873E6-4E2D-4068-BB01-75255F8E5891}.Debug|iPhoneSimulator.Build.0 = Debug|iPhoneSimulator
		{121873E6-4E2D-4068-BB01-75255F8E5891}.Debug|iPhoneSimulator.Deploy.0 = Debug|iPhoneSimulator
		{121873E6-4E2D-4068-BB01-75255F8E5891}.Debug|x64.ActiveCfg = Debug|iPhone
		{121873E6-4E2D-4068-BB01-75255F8E5891}.Debug|x64.Build.0 = Debug|iPhone
		{121873E6-4E2D-4068-BB01-75255F8E5891}.Debug|x64.Deploy.0 = Debug|iPhone
		{121873E6-4E2D-4068-BB01-75255F8E5891}.Debug|x86.ActiveCfg = Debug|iPhone
		{121873E6-4E2D-4068-BB01-75255F8E5891}.Debug|x86.Build.0 = Debug|iPhone
		{121873E6-4E2D-4068-BB01-75255F8E5891}.Debug|x86.Deploy.0 = Debug|iPhone
		{121873E6-4E2D-4068-BB01-75255F8E5891}.Release|Any CPU.ActiveCfg = Release|iPhone
		{121873E6-4E2D-4068-BB01-75255F8E5891}.Release|Any CPU.Build.0 = Release|iPhone
		{121873E6-4E2D-4068-BB01-75255F8E5891}.Release|Any CPU.Deploy.0 = Release|iPhone
		{121873E6-4E2D-4068-BB01-75255F8E5891}.Release|ARM.ActiveCfg = Release|iPhone
		{121873E6-4E2D-4068-BB01-75255F8E5891}.Release|ARM.Build.0 = Release|iPhone
		{121873E6-4E2D-4068-BB01-75255F8E5891}.Release|ARM.Deploy.0 = Release|iPhone
		{121873E6-4E2D-4068-BB01-75255F8E5891}.Release|iPhone.ActiveCfg = Release|iPhone
		{121873E6-4E2D-4068-BB01-75255F8E5891}.Release|iPhone.Build.0 = Release|iPhone
		{121873E6-4E2D-4068-BB01-75255F8E5891}.Release|iPhone.Deploy.0 = Release|iPhone
		{121873E6-4E2D-4068-BB01-75255F8E5891}.Release|iPhoneSimulator.ActiveCfg = Release|iPhoneSimulator
		{121873E6-4E2D-4068-BB01-75255F8E5891}.Release|iPhoneSimulator.Build.0 = Release|iPhoneSimulator
		{121873E6-4E2D-4068-BB01-75255F8E5891}.Release|iPhoneSimulator.Deploy.0 = Release|iPhoneSimulator
		{121873E6-4E2D-4068-BB01-75255F8E5891}.Release|x64.ActiveCfg = Release|iPhone
		{121873E6-4E2D-4068-BB01-75255F8E5891}.Release|x64.Build.0 = Release|iPhone
		{121873E6-4E2D-4068-BB01-75255F8E5891}.Release|x64.Deploy.0 = Release|iPhone
		{121873E6-4E2D-4068-BB01-75255F8E5891}.Release|x86.ActiveCfg = Release|iPhone
		{121873E6-4E2D-4068-BB01-75255F8E5891}.Release|x86.Build.0 = Release|iPhone
		{121873E6-4E2D-4068-BB01-75255F8E5891}.Release|x86.Deploy.0 = Release|iPhone
		{1E6DF227-B456-4343-8F12-FE323F1690CD}.Debug|Any CPU.ActiveCfg = Debug|Any CPU
		{1E6DF227-B456-4343-8F12-FE323F1690CD}.Debug|Any CPU.Build.0 = Debug|Any CPU
		{1E6DF227-B456-4343-8F12-FE323F1690CD}.Debug|Any CPU.Deploy.0 = Debug|Any CPU
		{1E6DF227-B456-4343-8F12-FE323F1690CD}.Debug|ARM.ActiveCfg = Debug|Any CPU
		{1E6DF227-B456-4343-8F12-FE323F1690CD}.Debug|ARM.Build.0 = Debug|Any CPU
		{1E6DF227-B456-4343-8F12-FE323F1690CD}.Debug|ARM.Deploy.0 = Debug|Any CPU
		{1E6DF227-B456-4343-8F12-FE323F1690CD}.Debug|iPhone.ActiveCfg = Debug|Any CPU
		{1E6DF227-B456-4343-8F12-FE323F1690CD}.Debug|iPhone.Build.0 = Debug|Any CPU
		{1E6DF227-B456-4343-8F12-FE323F1690CD}.Debug|iPhone.Deploy.0 = Debug|Any CPU
		{1E6DF227-B456-4343-8F12-FE323F1690CD}.Debug|iPhoneSimulator.ActiveCfg = Debug|Any CPU
		{1E6DF227-B456-4343-8F12-FE323F1690CD}.Debug|iPhoneSimulator.Build.0 = Debug|Any CPU
		{1E6DF227-B456-4343-8F12-FE323F1690CD}.Debug|iPhoneSimulator.Deploy.0 = Debug|Any CPU
		{1E6DF227-B456-4343-8F12-FE323F1690CD}.Debug|x64.ActiveCfg = Debug|Any CPU
		{1E6DF227-B456-4343-8F12-FE323F1690CD}.Debug|x64.Build.0 = Debug|Any CPU
		{1E6DF227-B456-4343-8F12-FE323F1690CD}.Debug|x64.Deploy.0 = Debug|Any CPU
		{1E6DF227-B456-4343-8F12-FE323F1690CD}.Debug|x86.ActiveCfg = Debug|Any CPU
		{1E6DF227-B456-4343-8F12-FE323F1690CD}.Debug|x86.Build.0 = Debug|Any CPU
		{1E6DF227-B456-4343-8F12-FE323F1690CD}.Debug|x86.Deploy.0 = Debug|Any CPU
		{1E6DF227-B456-4343-8F12-FE323F1690CD}.Release|Any CPU.ActiveCfg = Release|Any CPU
		{1E6DF227-B456-4343-8F12-FE323F1690CD}.Release|Any CPU.Build.0 = Release|Any CPU
		{1E6DF227-B456-4343-8F12-FE323F1690CD}.Release|Any CPU.Deploy.0 = Release|Any CPU
		{1E6DF227-B456-4343-8F12-FE323F1690CD}.Release|ARM.ActiveCfg = Release|Any CPU
		{1E6DF227-B456-4343-8F12-FE323F1690CD}.Release|ARM.Build.0 = Release|Any CPU
		{1E6DF227-B456-4343-8F12-FE323F1690CD}.Release|ARM.Deploy.0 = Release|Any CPU
		{1E6DF227-B456-4343-8F12-FE323F1690CD}.Release|iPhone.ActiveCfg = Release|Any CPU
		{1E6DF227-B456-4343-8F12-FE323F1690CD}.Release|iPhone.Build.0 = Release|Any CPU
		{1E6DF227-B456-4343-8F12-FE323F1690CD}.Release|iPhone.Deploy.0 = Release|Any CPU
		{1E6DF227-B456-4343-8F12-FE323F1690CD}.Release|iPhoneSimulator.ActiveCfg = Release|Any CPU
		{1E6DF227-B456-4343-8F12-FE323F1690CD}.Release|iPhoneSimulator.Build.0 = Release|Any CPU
		{1E6DF227-B456-4343-8F12-FE323F1690CD}.Release|iPhoneSimulator.Deploy.0 = Release|Any CPU
		{1E6DF227-B456-4343-8F12-FE323F1690CD}.Release|x64.ActiveCfg = Release|Any CPU
		{1E6DF227-B456-4343-8F12-FE323F1690CD}.Release|x64.Build.0 = Release|Any CPU
		{1E6DF227-B456-4343-8F12-FE323F1690CD}.Release|x64.Deploy.0 = Release|Any CPU
		{1E6DF227-B456-4343-8F12-FE323F1690CD}.Release|x86.ActiveCfg = Release|Any CPU
		{1E6DF227-B456-4343-8F12-FE323F1690CD}.Release|x86.Build.0 = Release|Any CPU
		{1E6DF227-B456-4343-8F12-FE323F1690CD}.Release|x86.Deploy.0 = Release|Any CPU
	EndGlobalSection
	GlobalSection(SolutionProperties) = preSolution
		HideSolutionNode = FALSE
	EndGlobalSection
	GlobalSection(ExtensibilityGlobals) = postSolution
		SolutionGuid = {31272313-2D95-4635-999A-BCA07CEDA0C3}
	EndGlobalSection
EndGlobal
